
Microsoft Visual Studio Solution File, Format Version 12.00
# Visual Studio 15
VisualStudioVersion = 15.0.27703.2035
MinimumVisualStudioVersion = 10.0.40219.1
Project("{FAE04EC0-301F-11D3-BF4B-00C04F79EFBC}") = "LinqHW", "LinqHW\LinqHW.csproj", "{4025F6DE-8590-4D96-9798-FB8CCF7BA3F7}"
EndProject
Global
	GlobalSection(SolutionConfigurationPlatforms) = preSolution
		Debug|Any CPU = Debug|Any CPU
		Release|Any CPU = Release|Any CPU
	EndGlobalSection
	GlobalSection(ProjectConfigurationPlatforms) = postSolution
		{4025F6DE-8590-4D96-9798-FB8CCF7BA3F7}.Debug|Any CPU.ActiveCfg = Debug|Any CPU
		{4025F6DE-8590-4D96-9798-FB8CCF7BA3F7}.Debug|Any CPU.Build.0 = Debug|Any CPU
		{4025F6DE-8590-4D96-9798-FB8CCF7BA3F7}.Release|Any CPU.ActiveCfg = Release|Any CPU
		{4025F6DE-8590-4D96-9798-FB8CCF7BA3F7}.Release|Any CPU.Build.0 = Release|Any CPU
	EndGlobalSection
	GlobalSection(SolutionProperties) = preSolution
		HideSolutionNode = FALSE
	EndGlobalSection
	GlobalSection(ExtensibilityGlobals) = postSolution
		SolutionGuid = {80CE28CE-7C40-412B-AE93-AE90305893A7}
	EndGlobalSection
EndGlobal
