
Microsoft Visual Studio Solution File, Format Version 12.00
# Visual Studio 15
VisualStudioVersion = 15.0.27703.2035
MinimumVisualStudioVersion = 10.0.40219.1
Project("{FAE04EC0-301F-11D3-BF4B-00C04F79EFBC}") = "ShopMigration", "ShopMigration\ShopMigration.csproj", "{CA5EB4DF-D966-42E7-80ED-31632B41AFF0}"
EndProject
Global
	GlobalSection(SolutionConfigurationPlatforms) = preSolution
		Debug|Any CPU = Debug|Any CPU
		Release|Any CPU = Release|Any CPU
	EndGlobalSection
	GlobalSection(ProjectConfigurationPlatforms) = postSolution
		{CA5EB4DF-D966-42E7-80ED-31632B41AFF0}.Debug|Any CPU.ActiveCfg = Debug|Any CPU
		{CA5EB4DF-D966-42E7-80ED-31632B41AFF0}.Debug|Any CPU.Build.0 = Debug|Any CPU
		{CA5EB4DF-D966-42E7-80ED-31632B41AFF0}.Release|Any CPU.ActiveCfg = Release|Any CPU
		{CA5EB4DF-D966-42E7-80ED-31632B41AFF0}.Release|Any CPU.Build.0 = Release|Any CPU
	EndGlobalSection
	GlobalSection(SolutionProperties) = preSolution
		HideSolutionNode = FALSE
	EndGlobalSection
	GlobalSection(ExtensibilityGlobals) = postSolution
		SolutionGuid = {780A22FA-F0F1-4580-B049-B932A8F126C2}
	EndGlobalSection
EndGlobal
